// !$*UTF8*$!
{
	archiveVersion = 1;
	classes = {
	};
	objectVersion = 48;
	objects = {

/* Begin PBXBuildFile section */
		FF2AAF23202E4DF40054C593 /* AppDelegate.swift in Sources */ = {isa = PBXBuildFile; fileRef = FF2AAF22202E4DF40054C593 /* AppDelegate.swift */; };
		FF2AAF25202E4DF40054C593 /* ViewController.swift in Sources */ = {isa = PBXBuildFile; fileRef = FF2AAF24202E4DF40054C593 /* ViewController.swift */; };
		FF2AAF28202E4DF40054C593 /* Main.storyboard in Resources */ = {isa = PBXBuildFile; fileRef = FF2AAF26202E4DF40054C593 /* Main.storyboard */; };
		FF2AAF2A202E4DF50054C593 /* Assets.xcassets in Resources */ = {isa = PBXBuildFile; fileRef = FF2AAF29202E4DF50054C593 /* Assets.xcassets */; };
		FF2AAF2D202E4DF50054C593 /* LaunchScreen.storyboard in Resources */ = {isa = PBXBuildFile; fileRef = FF2AAF2B202E4DF50054C593 /* LaunchScreen.storyboard */; };
		FF2AAF38202E4E9F0054C593 /* Localizable.strings in Resources */ = {isa = PBXBuildFile; fileRef = FF2AAF36202E4E9F0054C593 /* Localizable.strings */; };
/* End PBXBuildFile section */

/* Begin PBXFileReference section */
		FF2AAF1F202E4DF30054C593 /* LocalizationTutorialApp.app */ = {isa = PBXFileReference; explicitFileType = wrapper.application; includeInIndex = 0; path = LocalizationTutorialApp.app; sourceTree = BUILT_PRODUCTS_DIR; };
		FF2AAF22202E4DF40054C593 /* AppDelegate.swift */ = {isa = PBXFileReference; lastKnownFileType = sourcecode.swift; path = AppDelegate.swift; sourceTree = "<group>"; };
		FF2AAF24202E4DF40054C593 /* ViewController.swift */ = {isa = PBXFileReference; lastKnownFileType = sourcecode.swift; path = ViewController.swift; sourceTree = "<group>"; };
		FF2AAF27202E4DF40054C593 /* Base */ = {isa = PBXFileReference; lastKnownFileType = file.storyboard; name = Base; path = Base.lproj/Main.storyboard; sourceTree = "<group>"; };
		FF2AAF29202E4DF50054C593 /* Assets.xcassets */ = {isa = PBXFileReference; lastKnownFileType = folder.assetcatalog; path = Assets.xcassets; sourceTree = "<group>"; };
		FF2AAF2C202E4DF50054C593 /* Base */ = {isa = PBXFileReference; lastKnownFileType = file.storyboard; name = Base; path = Base.lproj/LaunchScreen.storyboard; sourceTree = "<group>"; };
		FF2AAF2E202E4DF50054C593 /* Info.plist */ = {isa = PBXFileReference; lastKnownFileType = text.plist.xml; path = Info.plist; sourceTree = "<group>"; };
		FF2AAF34202E4E2F0054C593 /* es */ = {isa = PBXFileReference; lastKnownFileType = text.plist.strings; name = es; path = es.lproj/Main.strings; sourceTree = "<group>"; };
		FF2AAF35202E4E2F0054C593 /* es */ = {isa = PBXFileReference; lastKnownFileType = text.plist.strings; name = es; path = es.lproj/LaunchScreen.strings; sourceTree = "<group>"; };
		FF2AAF37202E4E9F0054C593 /* Base */ = {isa = PBXFileReference; lastKnownFileType = text.plist.strings; name = Base; path = LocalizationTutorialApp/Base.lproj/Localizable.strings; sourceTree = "<group>"; };
		FF3C9037202E4F6200E40A3B /* es */ = {isa = PBXFileReference; lastKnownFileType = text.plist.strings; name = es; path = LocalizationTutorialApp/es.lproj/Localizable.strings; sourceTree = "<group>"; };
/* End PBXFileReference section */

/* Begin PBXFrameworksBuildPhase section */
		FF2AAF1C202E4DF30054C593 /* Frameworks */ = {
			isa = PBXFrameworksBuildPhase;
			buildActionMask = 2147483647;
			files = (
			);
			runOnlyForDeploymentPostprocessing = 0;
		};
/* End PBXFrameworksBuildPhase section */

/* Begin PBXGroup section */
		FF2AAF16202E4DF20054C593 = {
			isa = PBXGroup;
			children = (
				FF2AAF21202E4DF30054C593 /* LocalizationTutorialApp */,
				FF2AAF20202E4DF30054C593 /* Products */,
			);
			sourceTree = "<group>";
		};
		FF2AAF20202E4DF30054C593 /* Products */ = {
			isa = PBXGroup;
			children = (
				FF2AAF1F202E4DF30054C593 /* LocalizationTutorialApp.app */,
			);
			name = Products;
			sourceTree = "<group>";
		};
		FF2AAF21202E4DF30054C593 /* LocalizationTutorialApp */ = {
			isa = PBXGroup;
			children = (
				FF2AAF22202E4DF40054C593 /* AppDelegate.swift */,
				FF2AAF24202E4DF40054C593 /* ViewController.swift */,
				FF2AAF26202E4DF40054C593 /* Main.storyboard */,
				FF2AAF29202E4DF50054C593 /* Assets.xcassets */,
				FF2AAF2B202E4DF50054C593 /* LaunchScreen.storyboard */,
				FF2AAF2E202E4DF50054C593 /* Info.plist */,
				FF2AAF36202E4E9F0054C593 /* Localizable.strings */,
			);
			path = LocalizationTutorialApp;
			sourceTree = "<group>";
		};
/* End PBXGroup section */

/* Begin PBXNativeTarget section */
		FF2AAF1E202E4DF30054C593 /* LocalizationTutorialApp */ = {
			isa = PBXNativeTarget;
			buildConfigurationList = FF2AAF31202E4DF50054C593 /* Build configuration list for PBXNativeTarget "LocalizationTutorialApp" */;
			buildPhases = (
				FF2AAF1B202E4DF30054C593 /* Sources */,
				FF2AAF1C202E4DF30054C593 /* Frameworks */,
				FF2AAF1D202E4DF30054C593 /* Resources */,
			);
			buildRules = (
			);
			dependencies = (
			);
			name = LocalizationTutorialApp;
			productName = LocalizationTutorialApp;
			productReference = FF2AAF1F202E4DF30054C593 /* LocalizationTutorialApp.app */;
			productType = "com.apple.product-type.application";
		};
/* End PBXNativeTarget section */

/* Begin PBXProject section */
		FF2AAF17202E4DF30054C593 /* Project object */ = {
			isa = PBXProject;
			attributes = {
				LastSwiftUpdateCheck = 0920;
				LastUpgradeCheck = 0920;
				ORGANIZATIONNAME = "Ibra Morelo";
				TargetAttributes = {
					FF2AAF1E202E4DF30054C593 = {
						CreatedOnToolsVersion = 9.2;
						ProvisioningStyle = Automatic;
					};
				};
			};
			buildConfigurationList = FF2AAF1A202E4DF30054C593 /* Build configuration list for PBXProject "LocalizationTutorialApp" */;
			compatibilityVersion = "Xcode 8.0";
			developmentRegion = en;
			hasScannedForEncodings = 0;
			knownRegions = (
				en,
				Base,
				es,
			);
			mainGroup = FF2AAF16202E4DF20054C593;
			productRefGroup = FF2AAF20202E4DF30054C593 /* Products */;
			projectDirPath = "";
			projectRoot = "";
			targets = (
				FF2AAF1E202E4DF30054C593 /* LocalizationTutorialApp */,
			);
		};
/* End PBXProject section */

/* Begin PBXResourcesBuildPhase section */
		FF2AAF1D202E4DF30054C593 /* Resources */ = {
			isa = PBXResourcesBuildPhase;
			buildActionMask = 2147483647;
			files = (
				FF2AAF2D202E4DF50054C593 /* LaunchScreen.storyboard in Resources */,
				FF2AAF38202E4E9F0054C593 /* Localizable.strings in Resources */,
				FF2AAF2A202E4DF50054C593 /* Assets.xcassets in Resources */,
				FF2AAF28202E4DF40054C593 /* Main.storyboard in Resources */,
			);
			runOnlyForDeploymentPostprocessing = 0;
		};
/* End PBXResourcesBuildPhase section */

/* Begin PBXSourcesBuildPhase section */
		FF2AAF1B202E4DF30054C593 /* Sources */ = {
			isa = PBXSourcesBuildPhase;
			buildActionMask = 2147483647;
			files = (
				FF2AAF25202E4DF40054C593 /* ViewController.swift in Sources */,
				FF2AAF23202E4DF40054C593 /* AppDelegate.swift in Sources */,
			);
			runOnlyForDeploymentPostprocessing = 0;
		};
/* End PBXSourcesBuildPhase section */

/* Begin PBXVariantGroup section */
		FF2AAF26202E4DF40054C593 /* Main.storyboard */ = {
			isa = PBXVariantGroup;
			children = (
				FF2AAF27202E4DF40054C593 /* Base */,
				FF2AAF34202E4E2F0054C593 /* es */,
			);
			name = Main.storyboard;
			sourceTree = "<group>";
		};
		FF2AAF2B202E4DF50054C593 /* LaunchScreen.storyboard */ = {
			isa = PBXVariantGroup;
			children = (
				FF2AAF2C202E4DF50054C593 /* Base */,
				FF2AAF35202E4E2F0054C593 /* es */,
			);
			name = LaunchScreen.storyboard;
			sourceTree = "<group>";
		};
		FF2AAF36202E4E9F0054C593 /* Localizable.strings */ = {
			isa = PBXVariantGroup;
			children = (
				FF2AAF37202E4E9F0054C593 /* Base */,
				FF3C9037202E4F6200E40A3B /* es */,
			);
			name = Localizable.strings;
			sourceTree = "<group>";
		};
/* End PBXVariantGroup section */

/* Begin XCBuildConfiguration section */
		FF2AAF2F202E4DF50054C593 /* Debug */ = {
			isa = XCBuildConfiguration;
			buildSettings = {
				ALWAYS_SEARCH_USER_PATHS = NO;
				CLANG_ANALYZER_LOCALIZABILITY_NONLOCALIZED = YES;
				CLANG_ANALYZER_NONNULL = YES;
				CLANG_ANALYZER_NUMBER_OBJECT_CONVERSION = YES_AGGRESSIVE;
				CLANG_CXX_LANGUAGE_STANDARD = "gnu++14";
				CLANG_CXX_LIBRARY = "libc++";
				CLANG_ENABLE_MODULES = YES;
				CLANG_ENABLE_OBJC_ARC = YES;
				CLANG_WARN_BLOCK_CAPTURE_AUTORELEASING = YES;
				CLANG_WARN_BOOL_CONVERSION = YES;
				CLANG_WARN_COMMA = YES;
				CLANG_WARN_CONSTANT_CONVERSION = YES;
				CLANG_WARN_DIRECT_OBJC_ISA_USAGE = YES_ERROR;
				CLANG_WARN_DOCUMENTATION_COMMENTS = YES;
				CLANG_WARN_EMPTY_BODY = YES;
				CLANG_WARN_ENUM_CONVERSION = YES;
				CLANG_WARN_INFINITE_RECURSION = YES;
				CLANG_WARN_INT_CONVERSION = YES;
				CLANG_WARN_NON_LITERAL_NULL_CONVERSION = YES;
				CLANG_WARN_OBJC_LITERAL_CONVERSION = YES;
				CLANG_WARN_OBJC_ROOT_CLASS = YES_ERROR;
				CLANG_WARN_RANGE_LOOP_ANALYSIS = YES;
				CLANG_WARN_STRICT_PROTOTYPES = YES;
				CLANG_WARN_SUSPICIOUS_MOVE = YES;
				CLANG_WARN_UNGUARDED_AVAILABILITY = YES_AGGRESSIVE;
				CLANG_WARN_UNREACHABLE_CODE = YES;
				CLANG_WARN__DUPLICATE_METHOD_MATCH = YES;
				CODE_SIGN_IDENTITY = "iPhone Developer";
				COPY_PHASE_STRIP = NO;
				DEBUG_INFORMATION_FORMAT = dwarf;
				ENABLE_STRICT_OBJC_MSGSEND = YES;
				ENABLE_TESTABILITY = YES;
				GCC_C_LANGUAGE_STANDARD = gnu11;
				GCC_DYNAMIC_NO_PIC = NO;
				GCC_NO_COMMON_BLOCKS = YES;
				GCC_OPTIMIZATION_LEVEL = 0;
				GCC_PREPROCESSOR_DEFINITIONS = (
					"DEBUG=1",
					"$(inherited)",
				);
				GCC_WARN_64_TO_32_BIT_CONVERSION = YES;
				GCC_WARN_ABOUT_RETURN_TYPE = YES_ERROR;
				GCC_WARN_UNDECLARED_SELECTOR = YES;
				GCC_WARN_UNINITIALIZED_AUTOS = YES_AGGRESSIVE;
				GCC_WARN_UNUSED_FUNCTION = YES;
				GCC_WARN_UNUSED_VARIABLE = YES;
				IPHONEOS_DEPLOYMENT_TARGET = 11.2;
				MTL_ENABLE_DEBUG_INFO = YES;
				ONLY_ACTIVE_ARCH = YES;
				SDKROOT = iphoneos;
				SWIFT_ACTIVE_COMPILATION_CONDITIONS = DEBUG;
				SWIFT_OPTIMIZATION_LEVEL = "-Onone";
			};
			name = Debug;
		};
		FF2AAF30202E4DF50054C593 /* Release */ = {
			isa = XCBuildConfiguration;
			buildSettings = {
				ALWAYS_SEARCH_USER_PATHS = NO;
				CLANG_ANALYZER_LOCALIZABILITY_NONLOCALIZED = YES;
				CLANG_ANALYZER_NONNULL = YES;
				CLANG_ANALYZER_NUMBER_OBJECT_CONVERSION = YES_AGGRESSIVE;
				CLANG_CXX_LANGUAGE_STANDARD = "gnu++14";
				CLANG_CXX_LIBRARY = "libc++";
				CLANG_ENABLE_MODULES = YES;
				CLANG_ENABLE_OBJC_ARC = YES;
				CLANG_WARN_BLOCK_CAPTURE_AUTORELEASING = YES;
				CLANG_WARN_BOOL_CONVERSION = YES;
				CLANG_WARN_COMMA = YES;
				CLANG_WARN_CONSTANT_CONVERSION = YES;
				CLANG_WARN_DIRECT_OBJC_ISA_USAGE = YES_ERROR;
				CLANG_WARN_DOCUMENTATION_COMMENTS = YES;
				CLANG_WARN_EMPTY_BODY = YES;
				CLANG_WARN_ENUM_CONVERSION = YES;
				CLANG_WARN_INFINITE_RECURSION = YES;
				CLANG_WARN_INT_CONVERSION = YES;
				CLANG_WARN_NON_LITERAL_NULL_CONVERSION = YES;
				CLANG_WARN_OBJC_LITERAL_CONVERSION = YES;
				CLANG_WARN_OBJC_ROOT_CLASS = YES_ERROR;
				CLANG_WARN_RANGE_LOOP_ANALYSIS = YES;
				CLANG_WARN_STRICT_PROTOTYPES = YES;
				CLANG_WARN_SUSPICIOUS_MOVE = YES;
				CLANG_WARN_UNGUARDED_AVAILABILITY = YES_AGGRESSIVE;
				CLANG_WARN_UNREACHABLE_CODE = YES;
				CLANG_WARN__DUPLICATE_METHOD_MATCH = YES;
				CODE_SIGN_IDENTITY = "iPhone Developer";
				COPY_PHASE_STRIP = NO;
				DEBUG_INFORMATION_FORMAT = "dwarf-with-dsym";
				ENABLE_NS_ASSERTIONS = NO;
				ENABLE_STRICT_OBJC_MSGSEND = YES;
				GCC_C_LANGUAGE_STANDARD = gnu11;
				GCC_NO_COMMON_BLOCKS = YES;
				GCC_WARN_64_TO_32_BIT_CONVERSION = YES;
				GCC_WARN_ABOUT_RETURN_TYPE = YES_ERROR;
				GCC_WARN_UNDECLARED_SELECTOR = YES;
				GCC_WARN_UNINITIALIZED_AUTOS = YES_AGGRESSIVE;
				GCC_WARN_UNUSED_FUNCTION = YES;
				GCC_WARN_UNUSED_VARIABLE = YES;
				IPHONEOS_DEPLOYMENT_TARGET = 11.2;
				MTL_ENABLE_DEBUG_INFO = NO;
				SDKROOT = iphoneos;
				SWIFT_OPTIMIZATION_LEVEL = "-Owholemodule";
				VALIDATE_PRODUCT = YES;
			};
			name = Release;
		};
		FF2AAF32202E4DF50054C593 /* Debug */ = {
			isa = XCBuildConfiguration;
			buildSettings = {
				ASSETCATALOG_COMPILER_APPICON_NAME = AppIcon;
				CODE_SIGN_STYLE = Automatic;
				INFOPLIST_FILE = LocalizationTutorialApp/Info.plist;
				LD_RUNPATH_SEARCH_PATHS = "$(inherited) @executable_path/Frameworks";
				PRODUCT_BUNDLE_IDENTIFIER = "digital-guidoulloa.com.LocalizationTutorialApp";
				PRODUCT_NAME = "$(TARGET_NAME)";
				SWIFT_VERSION = 4.0;
				TARGETED_DEVICE_FAMILY = "1,2";
			};
			name = Debug;
		};
		FF2AAF33202E4DF50054C593 /* Release */ = {
			isa = XCBuildConfiguration;
			buildSettings = {
				ASSETCATALOG_COMPILER_APPICON_NAME = AppIcon;
				CODE_SIGN_STYLE = Automatic;
				INFOPLIST_FILE = LocalizationTutorialApp/Info.plist;
				LD_RUNPATH_SEARCH_PATHS = "$(inherited) @executable_path/Frameworks";
				PRODUCT_BUNDLE_IDENTIFIER = "digital-guidoulloa.com.LocalizationTutorialApp";
				PRODUCT_NAME = "$(TARGET_NAME)";
				SWIFT_VERSION = 4.0;
				TARGETED_DEVICE_FAMILY = "1,2";
			};
			name = Release;
		};
/* End XCBuildConfiguration section */

/* Begin XCConfigurationList section */
		FF2AAF1A202E4DF30054C593 /* Build configuration list for PBXProject "LocalizationTutorialApp" */ = {
			isa = XCConfigurationList;
			buildConfigurations = (
				FF2AAF2F202E4DF50054C593 /* Debug */,
				FF2AAF30202E4DF50054C593 /* Release */,
			);
			defaultConfigurationIsVisible = 0;
			defaultConfigurationName = Release;
		};
		FF2AAF31202E4DF50054C593 /* Build configuration list for PBXNativeTarget "LocalizationTutorialApp" */ = {
			isa = XCConfigurationList;
			buildConfigurations = (
				FF2AAF32202E4DF50054C593 /* Debug */,
				FF2AAF33202E4DF50054C593 /* Release */,
			);
			defaultConfigurationIsVisible = 0;
			defaultConfigurationName = Release;
		};
/* End XCConfigurationList section */
	};
	rootObject = FF2AAF17202E4DF30054C593 /* Project object */;
}
